
Microsoft Visual Studio Solution File, Format Version 12.00
# Visual Studio Version 16
VisualStudioVersion = 16.0.30804.86
MinimumVisualStudioVersion = 10.0.40219.1
Project("{9A19103F-16F7-4668-BE54-9A1E7A4F7556}") = "HiddenVilla_Server", "HiddenVilla_Server\HiddenVilla_Server.csproj", "{5CFE0D99-0206-463F-AC78-0D5329C65C67}"
EndProject
Project("{9A19103F-16F7-4668-BE54-9A1E7A4F7556}") = "DataAccess", "DataAccess\DataAccess.csproj", "{2524FA56-D570-4001-A11C-A078FD0A384D}"
EndProject
Project("{9A19103F-16F7-4668-BE54-9A1E7A4F7556}") = "Common", "Common\Common.csproj", "{42AC7B85-6CD0-4D0C-8962-7ED84F4C4F5A}"
EndProject
Project("{9A19103F-16F7-4668-BE54-9A1E7A4F7556}") = "Business", "Business\Business.csproj", "{95E543B9-7C68-4BA0-8EC1-AAEBBAD01996}"
EndProject
Project("{9A19103F-16F7-4668-BE54-9A1E7A4F7556}") = "Models", "Models\Models.csproj", "{3272BFCE-D8D4-46A1-8C02-24E210C21520}"
EndProject
Global
	GlobalSection(SolutionConfigurationPlatforms) = preSolution
		Debug|Any CPU = Debug|Any CPU
		Release|Any CPU = Release|Any CPU
	EndGlobalSection
	GlobalSection(ProjectConfigurationPlatforms) = postSolution
		{5CFE0D99-0206-463F-AC78-0D5329C65C67}.Debug|Any CPU.ActiveCfg = Debug|Any CPU
		{5CFE0D99-0206-463F-AC78-0D5329C65C67}.Debug|Any CPU.Build.0 = Debug|Any CPU
		{5CFE0D99-0206-463F-AC78-0D5329C65C67}.Release|Any CPU.ActiveCfg = Release|Any CPU
		{5CFE0D99-0206-463F-AC78-0D5329C65C67}.Release|Any CPU.Build.0 = Release|Any CPU
		{2524FA56-D570-4001-A11C-A078FD0A384D}.Debug|Any CPU.ActiveCfg = Debug|Any CPU
		{2524FA56-D570-4001-A11C-A078FD0A384D}.Debug|Any CPU.Build.0 = Debug|Any CPU
		{2524FA56-D570-4001-A11C-A078FD0A384D}.Release|Any CPU.ActiveCfg = Release|Any CPU
		{2524FA56-D570-4001-A11C-A078FD0A384D}.Release|Any CPU.Build.0 = Release|Any CPU
		{42AC7B85-6CD0-4D0C-8962-7ED84F4C4F5A}.Debug|Any CPU.ActiveCfg = Debug|Any CPU
		{42AC7B85-6CD0-4D0C-8962-7ED84F4C4F5A}.Debug|Any CPU.Build.0 = Debug|Any CPU
		{42AC7B85-6CD0-4D0C-8962-7ED84F4C4F5A}.Release|Any CPU.ActiveCfg = Release|Any CPU
		{42AC7B85-6CD0-4D0C-8962-7ED84F4C4F5A}.Release|Any CPU.Build.0 = Release|Any CPU
		{95E543B9-7C68-4BA0-8EC1-AAEBBAD01996}.Debug|Any CPU.ActiveCfg = Debug|Any CPU
		{95E543B9-7C68-4BA0-8EC1-AAEBBAD01996}.Debug|Any CPU.Build.0 = Debug|Any CPU
		{95E543B9-7C68-4BA0-8EC1-AAEBBAD01996}.Release|Any CPU.ActiveCfg = Release|Any CPU
		{95E543B9-7C68-4BA0-8EC1-AAEBBAD01996}.Release|Any CPU.Build.0 = Release|Any CPU
		{3272BFCE-D8D4-46A1-8C02-24E210C21520}.Debug|Any CPU.ActiveCfg = Debug|Any CPU
		{3272BFCE-D8D4-46A1-8C02-24E210C21520}.Debug|Any CPU.Build.0 = Debug|Any CPU
		{3272BFCE-D8D4-46A1-8C02-24E210C21520}.Release|Any CPU.ActiveCfg = Release|Any CPU
		{3272BFCE-D8D4-46A1-8C02-24E210C21520}.Release|Any CPU.Build.0 = Release|Any CPU
	EndGlobalSection
	GlobalSection(SolutionProperties) = preSolution
		HideSolutionNode = FALSE
	EndGlobalSection
	GlobalSection(ExtensibilityGlobals) = postSolution
		SolutionGuid = {2880F0AC-211A-42A4-9481-B8901A52BAC9}
	EndGlobalSection
EndGlobal
